# THIS IS AN AUTOGENERATED FILE. DO NOT EDIT THIS FILE DIRECTLY.
# yarn lockfile v1


"@leichtgewicht/ip-codec@^2.0.1":
  version "2.0.3"
  resolved "https://registry.yarnpkg.com/@leichtgewicht/ip-codec/-/ip-codec-2.0.3.tgz#0300943770e04231041a51bd39f0439b5c7ab4f0"
  integrity sha512-nkalE/f1RvRGChwBnEIoBfSEYOXnCRdleKuv6+lePbMDrMZXeDQnqak5XDOeBgrPPyPfAdcCu/B5z+v3VhplGg==

dante-control@^0.2.2:
  version "0.2.2"
  resolved "https://registry.yarnpkg.com/dante-control/-/dante-control-0.2.2.tgz#b4ebdaef0d958447542591ed1765d4da36df9384"
  integrity sha512-A5H0SaLlHlonrfMXiFjdLsJ1aqam9SyqVEv8kENIzRbcsPg3jZ/DqjKPE7CzDwf71NiElV0xU5J24rMc8Oab1w==
  dependencies:
    multicast-dns "^7.2.4"

dns-packet@^5.2.2:
  version "5.3.1"
  resolved "https://registry.yarnpkg.com/dns-packet/-/dns-packet-5.3.1.tgz#eb94413789daec0f0ebe2fcc230bdc9d7c91b43d"
  integrity sha512-spBwIj0TK0Ey3666GwIdWVfUpLyubpU53BTCu8iPn4r4oXd9O14Hjg3EHw3ts2oed77/SeckunUYCyRlSngqHw==
  dependencies:
    "@leichtgewicht/ip-codec" "^2.0.1"

multicast-dns@^7.2.4:
  version "7.2.4"
  resolved "https://registry.yarnpkg.com/multicast-dns/-/multicast-dns-7.2.4.tgz#cf0b115c31e922aeb20b64e6556cbeb34cf0dd19"
  integrity sha512-XkCYOU+rr2Ft3LI6w4ye51M3VK31qJXFIxu0XLw169PtKG0Zx47OrXeVW/GCYOfpC9s1yyyf1S+L8/4LY0J9Zw==
  dependencies:
    dns-packet "^5.2.2"
    thunky "^1.0.2"

thunky@^1.0.2:
  version "1.1.0"
  resolved "https://registry.yarnpkg.com/thunky/-/thunky-1.1.0.tgz#5abaf714a9405db0504732bbccd2cedd9ef9537d"
  integrity sha512-eHY7nBftgThBqOyHGVN+l8gF0BucP09fMo0oO/Lb0w1OF80dJv+lDVpXG60WMQvkcxAkNybKsrEIE3ZtKGmPrA==
